
Microsoft Visual Studio Solution File, Format Version 12.00
# Visual Studio Version 17
VisualStudioVersion = 17.11.35327.3
MinimumVisualStudioVersion = 10.0.40219.1
Project("{FAE04EC0-301F-11D3-BF4B-00C04F79EFBC}") = "HomeWork3C#", "HomeWork3C#\HomeWork3C#.csproj", "{A92D4E4F-1D8E-4037-BACC-E6AF8E71A54E}"
EndProject
Global
	GlobalSection(SolutionConfigurationPlatforms) = preSolution
		Debug|Any CPU = Debug|Any CPU
		Release|Any CPU = Release|Any CPU
	EndGlobalSection
	GlobalSection(ProjectConfigurationPlatforms) = postSolution
		{A92D4E4F-1D8E-4037-BACC-E6AF8E71A54E}.Debug|Any CPU.ActiveCfg = Debug|Any CPU
		{A92D4E4F-1D8E-4037-BACC-E6AF8E71A54E}.Debug|Any CPU.Build.0 = Debug|Any CPU
		{A92D4E4F-1D8E-4037-BACC-E6AF8E71A54E}.Release|Any CPU.ActiveCfg = Release|Any CPU
		{A92D4E4F-1D8E-4037-BACC-E6AF8E71A54E}.Release|Any CPU.Build.0 = Release|Any CPU
	EndGlobalSection
	GlobalSection(SolutionProperties) = preSolution
		HideSolutionNode = FALSE
	EndGlobalSection
	GlobalSection(ExtensibilityGlobals) = postSolution
		SolutionGuid = {6D099D92-7BF1-4E07-9EFB-96C24360A636}
	EndGlobalSection
EndGlobal
